
Microsoft Visual Studio Solution File, Format Version 12.00
# Visual Studio Version 16
VisualStudioVersion = 16.0.31112.23
MinimumVisualStudioVersion = 10.0.40219.1
Project("{9A19103F-16F7-4668-BE54-9A1E7A4F7556}") = "GestBanque", "GestBanque\GestBanque.csproj", "{FD6B09BD-5031-4D34-B312-9D509EA1D38B}"
EndProject
Project("{9A19103F-16F7-4668-BE54-9A1E7A4F7556}") = "Models", "Models\Models.csproj", "{94CC58B6-AD2D-43F8-A848-0EFA53B29D8F}"
EndProject
Project("{9A19103F-16F7-4668-BE54-9A1E7A4F7556}") = "ExoCelsiusFahrenheit", "ExoCelsiusFahrenheit\ExoCelsiusFahrenheit.csproj", "{1FCAE33E-80FF-4FB8-B8CB-B451916D323F}"
EndProject
Project("{9A19103F-16F7-4668-BE54-9A1E7A4F7556}") = "TestModels", "TestModels\TestModels.csproj", "{15B884FE-9E93-4D7E-913D-8B1EDD97660C}"
EndProject
Project("{FAE04EC0-301F-11D3-BF4B-00C04F79EFBC}") = "ExoDelegates", "ExoDelegates\ExoDelegates.csproj", "{170628E2-6A4F-419F-9280-968A9A60381A}"
EndProject
Global
	GlobalSection(SolutionConfigurationPlatforms) = preSolution
		Debug|Any CPU = Debug|Any CPU
		Release|Any CPU = Release|Any CPU
	EndGlobalSection
	GlobalSection(ProjectConfigurationPlatforms) = postSolution
		{FD6B09BD-5031-4D34-B312-9D509EA1D38B}.Debug|Any CPU.ActiveCfg = Debug|Any CPU
		{FD6B09BD-5031-4D34-B312-9D509EA1D38B}.Debug|Any CPU.Build.0 = Debug|Any CPU
		{FD6B09BD-5031-4D34-B312-9D509EA1D38B}.Release|Any CPU.ActiveCfg = Release|Any CPU
		{FD6B09BD-5031-4D34-B312-9D509EA1D38B}.Release|Any CPU.Build.0 = Release|Any CPU
		{94CC58B6-AD2D-43F8-A848-0EFA53B29D8F}.Debug|Any CPU.ActiveCfg = Debug|Any CPU
		{94CC58B6-AD2D-43F8-A848-0EFA53B29D8F}.Debug|Any CPU.Build.0 = Debug|Any CPU
		{94CC58B6-AD2D-43F8-A848-0EFA53B29D8F}.Release|Any CPU.ActiveCfg = Release|Any CPU
		{94CC58B6-AD2D-43F8-A848-0EFA53B29D8F}.Release|Any CPU.Build.0 = Release|Any CPU
		{1FCAE33E-80FF-4FB8-B8CB-B451916D323F}.Debug|Any CPU.ActiveCfg = Debug|Any CPU
		{1FCAE33E-80FF-4FB8-B8CB-B451916D323F}.Debug|Any CPU.Build.0 = Debug|Any CPU
		{1FCAE33E-80FF-4FB8-B8CB-B451916D323F}.Release|Any CPU.ActiveCfg = Release|Any CPU
		{1FCAE33E-80FF-4FB8-B8CB-B451916D323F}.Release|Any CPU.Build.0 = Release|Any CPU
		{15B884FE-9E93-4D7E-913D-8B1EDD97660C}.Debug|Any CPU.ActiveCfg = Debug|Any CPU
		{15B884FE-9E93-4D7E-913D-8B1EDD97660C}.Debug|Any CPU.Build.0 = Debug|Any CPU
		{15B884FE-9E93-4D7E-913D-8B1EDD97660C}.Release|Any CPU.ActiveCfg = Release|Any CPU
		{15B884FE-9E93-4D7E-913D-8B1EDD97660C}.Release|Any CPU.Build.0 = Release|Any CPU
		{170628E2-6A4F-419F-9280-968A9A60381A}.Debug|Any CPU.ActiveCfg = Debug|Any CPU
		{170628E2-6A4F-419F-9280-968A9A60381A}.Debug|Any CPU.Build.0 = Debug|Any CPU
		{170628E2-6A4F-419F-9280-968A9A60381A}.Release|Any CPU.ActiveCfg = Release|Any CPU
		{170628E2-6A4F-419F-9280-968A9A60381A}.Release|Any CPU.Build.0 = Release|Any CPU
	EndGlobalSection
	GlobalSection(SolutionProperties) = preSolution
		HideSolutionNode = FALSE
	EndGlobalSection
	GlobalSection(ExtensibilityGlobals) = postSolution
		SolutionGuid = {0FA0418D-6AB6-4794-AD83-B01CF2BDBF67}
	EndGlobalSection
EndGlobal
